
Microsoft Visual Studio Solution File, Format Version 12.00
# Visual Studio Version 17
VisualStudioVersion = 17.8.34511.84
MinimumVisualStudioVersion = 10.0.40219.1
Project("{FAE04EC0-301F-11D3-BF4B-00C04F79EFBC}") = "EnjoyMusic-API", "EnjoyMusic-API\EnjoyMusic-API.csproj", "{0C389FB0-FD84-408D-A2E7-477FB24F618E}"
EndProject
Global
	GlobalSection(SolutionConfigurationPlatforms) = preSolution
		Debug|Any CPU = Debug|Any CPU
		Release|Any CPU = Release|Any CPU
	EndGlobalSection
	GlobalSection(ProjectConfigurationPlatforms) = postSolution
		{0C389FB0-FD84-408D-A2E7-477FB24F618E}.Debug|Any CPU.ActiveCfg = Debug|Any CPU
		{0C389FB0-FD84-408D-A2E7-477FB24F618E}.Debug|Any CPU.Build.0 = Debug|Any CPU
		{0C389FB0-FD84-408D-A2E7-477FB24F618E}.Release|Any CPU.ActiveCfg = Release|Any CPU
		{0C389FB0-FD84-408D-A2E7-477FB24F618E}.Release|Any CPU.Build.0 = Release|Any CPU
	EndGlobalSection
	GlobalSection(SolutionProperties) = preSolution
		HideSolutionNode = FALSE
	EndGlobalSection
	GlobalSection(ExtensibilityGlobals) = postSolution
		SolutionGuid = {8B10D772-7B0C-489A-8AD0-18B91084D99A}
	EndGlobalSection
EndGlobal
